# This file is automatically @generated by Poetry and should not be changed by hand.

[[package]]
name = "greenlet"
version = "2.0.1"
description = "Lightweight in-process concurrent programming"
category = "main"
optional = false
python-versions = ">=2.7,!=3.0.*,!=3.1.*,!=3.2.*,!=3.3.*,!=3.4.*"
files = [
    {file = "greenlet-2.0.1-cp27-cp27m-macosx_10_14_x86_64.whl", hash = "sha256:9ed358312e63bf683b9ef22c8e442ef6c5c02973f0c2a939ec1d7b50c974015c"},
    {file = "greenlet-2.0.1-cp27-cp27m-manylinux2010_x86_64.whl", hash = "sha256:4f09b0010e55bec3239278f642a8a506b91034f03a4fb28289a7d448a67f1515"},
    {file = "greenlet-2.0.1-cp27-cp27m-win32.whl", hash = "sha256:1407fe45246632d0ffb7a3f4a520ba4e6051fc2cbd61ba1f806900c27f47706a"},
    {file = "greenlet-2.0.1-cp27-cp27m-win_amd64.whl", hash = "sha256:3001d00eba6bbf084ae60ec7f4bb8ed375748f53aeaefaf2a37d9f0370558524"},
    {file = "greenlet-2.0.1-cp27-cp27mu-manylinux2010_x86_64.whl", hash = "sha256:d566b82e92ff2e09dd6342df7e0eb4ff6275a3f08db284888dcd98134dbd4243"},
    {file = "greenlet-2.0.1-cp310-cp310-macosx_10_15_x86_64.whl", hash = "sha256:0722c9be0797f544a3ed212569ca3fe3d9d1a1b13942d10dd6f0e8601e484d26"},
    {file = "greenlet-2.0.1-cp310-cp310-manylinux_2_17_aarch64.manylinux2014_aarch64.whl", hash = "sha256:4d37990425b4687ade27810e3b1a1c37825d242ebc275066cfee8cb6b8829ccd"},
    {file = "greenlet-2.0.1-cp310-cp310-manylinux_2_17_ppc64le.manylinux2014_ppc64le.whl", hash = "sha256:be35822f35f99dcc48152c9839d0171a06186f2d71ef76dc57fa556cc9bf6b45"},
    {file = "greenlet-2.0.1-cp310-cp310-manylinux_2_17_x86_64.manylinux2014_x86_64.whl", hash = "sha256:c140e7eb5ce47249668056edf3b7e9900c6a2e22fb0eaf0513f18a1b2c14e1da"},
    {file = "greenlet-2.0.1-cp310-cp310-musllinux_1_1_aarch64.whl", hash = "sha256:d21681f09e297a5adaa73060737e3aa1279a13ecdcfcc6ef66c292cb25125b2d"},
    {file = "greenlet-2.0.1-cp310-cp310-musllinux_1_1_x86_64.whl", hash = "sha256:fb412b7db83fe56847df9c47b6fe3f13911b06339c2aa02dcc09dce8bbf582cd"},
    {file = "greenlet-2.0.1-cp310-cp310-win_amd64.whl", hash = "sha256:c6a08799e9e88052221adca55741bf106ec7ea0710bca635c208b751f0d5b617"},
    {file = "greenlet-2.0.1-cp311-cp311-macosx_10_9_universal2.whl", hash = "sha256:9e112e03d37987d7b90c1e98ba5e1b59e1645226d78d73282f45b326f7bddcb9"},
    {file = "greenlet-2.0.1-cp311-cp311-manylinux_2_17_aarch64.manylinux2014_aarch64.whl", hash = "sha256:56961cfca7da2fdd178f95ca407fa330c64f33289e1804b592a77d5593d9bd94"},
    {file = "greenlet-2.0.1-cp311-cp311-manylinux_2_17_ppc64le.manylinux2014_ppc64le.whl", hash = "sha256:13ba6e8e326e2116c954074c994da14954982ba2795aebb881c07ac5d093a58a"},
    {file = "greenlet-2.0.1-cp311-cp311-manylinux_2_17_x86_64.manylinux2014_x86_64.whl", hash = "sha256:1bf633a50cc93ed17e494015897361010fc08700d92676c87931d3ea464123ce"},
    {file = "greenlet-2.0.1-cp311-cp311-musllinux_1_1_aarch64.whl", hash = "sha256:9f2c221eecb7ead00b8e3ddb913c67f75cba078fd1d326053225a3f59d850d72"},
    {file = "greenlet-2.0.1-cp311-cp311-musllinux_1_1_x86_64.whl", hash = "sha256:13ebf93c343dd8bd010cd98e617cb4c1c1f352a0cf2524c82d3814154116aa82"},
    {file = "greenlet-2.0.1-cp311-cp311-win_amd64.whl", hash = "sha256:6f61d71bbc9b4a3de768371b210d906726535d6ca43506737682caa754b956cd"},
    {file = "greenlet-2.0.1-cp35-cp35m-macosx_10_14_x86_64.whl", hash = "sha256:2d0bac0385d2b43a7bd1d651621a4e0f1380abc63d6fb1012213a401cbd5bf8f"},
    {file = "greenlet-2.0.1-cp35-cp35m-manylinux2010_x86_64.whl", hash = "sha256:f6327b6907b4cb72f650a5b7b1be23a2aab395017aa6f1adb13069d66360eb3f"},
    {file = "greenlet-2.0.1-cp35-cp35m-win32.whl", hash = "sha256:81b0ea3715bf6a848d6f7149d25bf018fd24554a4be01fcbbe3fdc78e890b955"},
    {file = "greenlet-2.0.1-cp35-cp35m-win_amd64.whl", hash = "sha256:38255a3f1e8942573b067510f9611fc9e38196077b0c8eb7a8c795e105f9ce77"},
    {file = "greenlet-2.0.1-cp36-cp36m-macosx_10_14_x86_64.whl", hash = "sha256:04957dc96669be041e0c260964cfef4c77287f07c40452e61abe19d647505581"},
    {file = "greenlet-2.0.1-cp36-cp36m-manylinux2010_x86_64.whl", hash = "sha256:4aeaebcd91d9fee9aa768c1b39cb12214b30bf36d2b7370505a9f2165fedd8d9"},
    {file = "greenlet-2.0.1-cp36-cp36m-manylinux_2_17_aarch64.manylinux2014_aarch64.whl", hash = "sha256:974a39bdb8c90a85982cdb78a103a32e0b1be986d411303064b28a80611f6e51"},
    {file = "greenlet-2.0.1-cp36-cp36m-manylinux_2_17_ppc64le.manylinux2014_ppc64le.whl", hash = "sha256:8dca09dedf1bd8684767bc736cc20c97c29bc0c04c413e3276e0962cd7aeb148"},
    {file = "greenlet-2.0.1-cp36-cp36m-manylinux_2_17_x86_64.manylinux2014_x86_64.whl", hash = "sha256:a4c0757db9bd08470ff8277791795e70d0bf035a011a528ee9a5ce9454b6cba2"},
    {file = "greenlet-2.0.1-cp36-cp36m-musllinux_1_1_aarch64.whl", hash = "sha256:5067920de254f1a2dee8d3d9d7e4e03718e8fd2d2d9db962c8c9fa781ae82a39"},
    {file = "greenlet-2.0.1-cp36-cp36m-musllinux_1_1_x86_64.whl", hash = "sha256:5a8e05057fab2a365c81abc696cb753da7549d20266e8511eb6c9d9f72fe3e92"},
    {file = "greenlet-2.0.1-cp36-cp36m-win32.whl", hash = "sha256:3d75b8d013086b08e801fbbb896f7d5c9e6ccd44f13a9241d2bf7c0df9eda928"},
    {file = "greenlet-2.0.1-cp36-cp36m-win_amd64.whl", hash = "sha256:097e3dae69321e9100202fc62977f687454cd0ea147d0fd5a766e57450c569fd"},
    {file = "greenlet-2.0.1-cp37-cp37m-macosx_10_15_x86_64.whl", hash = "sha256:cb242fc2cda5a307a7698c93173d3627a2a90d00507bccf5bc228851e8304963"},
    {file = "greenlet-2.0.1-cp37-cp37m-manylinux2010_x86_64.whl", hash = "sha256:72b00a8e7c25dcea5946692a2485b1a0c0661ed93ecfedfa9b6687bd89a24ef5"},
    {file = "greenlet-2.0.1-cp37-cp37m-manylinux_2_17_aarch64.manylinux2014_aarch64.whl", hash = "sha256:d5b0ff9878333823226d270417f24f4d06f235cb3e54d1103b71ea537a6a86ce"},
    {file = "greenlet-2.0.1-cp37-cp37m-manylinux_2_17_ppc64le.manylinux2014_ppc64le.whl", hash = "sha256:be9e0fb2ada7e5124f5282d6381903183ecc73ea019568d6d63d33f25b2a9000"},
    {file = "greenlet-2.0.1-cp37-cp37m-manylinux_2_17_x86_64.manylinux2014_x86_64.whl", hash = "sha256:0b493db84d124805865adc587532ebad30efa68f79ad68f11b336e0a51ec86c2"},
    {file = "greenlet-2.0.1-cp37-cp37m-musllinux_1_1_aarch64.whl", hash = "sha256:0459d94f73265744fee4c2d5ec44c6f34aa8a31017e6e9de770f7bcf29710be9"},
    {file = "greenlet-2.0.1-cp37-cp37m-musllinux_1_1_x86_64.whl", hash = "sha256:a20d33124935d27b80e6fdacbd34205732660e0a1d35d8b10b3328179a2b51a1"},
    {file = "greenlet-2.0.1-cp37-cp37m-win32.whl", hash = "sha256:ea688d11707d30e212e0110a1aac7f7f3f542a259235d396f88be68b649e47d1"},
    {file = "greenlet-2.0.1-cp37-cp37m-win_amd64.whl", hash = "sha256:afe07421c969e259e9403c3bb658968702bc3b78ec0b6fde3ae1e73440529c23"},
    {file = "greenlet-2.0.1-cp38-cp38-macosx_10_15_x86_64.whl", hash = "sha256:cd4ccc364cf75d1422e66e247e52a93da6a9b73cefa8cad696f3cbbb75af179d"},
    {file = "greenlet-2.0.1-cp38-cp38-manylinux2010_x86_64.whl", hash = "sha256:4c8b1c43e75c42a6cafcc71defa9e01ead39ae80bd733a2608b297412beede68"},
    {file = "greenlet-2.0.1-cp38-cp38-manylinux_2_17_aarch64.manylinux2014_aarch64.whl", hash = "sha256:659f167f419a4609bc0516fb18ea69ed39dbb25594934bd2dd4d0401660e8a1e"},
    {file = "greenlet-2.0.1-cp38-cp38-manylinux_2_17_ppc64le.manylinux2014_ppc64le.whl", hash = "sha256:356e4519d4dfa766d50ecc498544b44c0249b6de66426041d7f8b751de4d6b48"},
    {file = "greenlet-2.0.1-cp38-cp38-manylinux_2_17_x86_64.manylinux2014_x86_64.whl", hash = "sha256:811e1d37d60b47cb8126e0a929b58c046251f28117cb16fcd371eed61f66b764"},
    {file = "greenlet-2.0.1-cp38-cp38-musllinux_1_1_aarch64.whl", hash = "sha256:d38ffd0e81ba8ef347d2be0772e899c289b59ff150ebbbbe05dc61b1246eb4e0"},
    {file = "greenlet-2.0.1-cp38-cp38-musllinux_1_1_x86_64.whl", hash = "sha256:0109af1138afbfb8ae647e31a2b1ab030f58b21dd8528c27beaeb0093b7938a9"},
    {file = "greenlet-2.0.1-cp38-cp38-win32.whl", hash = "sha256:88c8d517e78acdf7df8a2134a3c4b964415b575d2840a2746ddb1cc6175f8608"},
    {file = "greenlet-2.0.1-cp38-cp38-win_amd64.whl", hash = "sha256:d6ee1aa7ab36475035eb48c01efae87d37936a8173fc4d7b10bb02c2d75dd8f6"},
    {file = "greenlet-2.0.1-cp39-cp39-macosx_10_15_x86_64.whl", hash = "sha256:b1992ba9d4780d9af9726bbcef6a1db12d9ab1ccc35e5773685a24b7fb2758eb"},
    {file = "greenlet-2.0.1-cp39-cp39-manylinux2010_x86_64.whl", hash = "sha256:b5e83e4de81dcc9425598d9469a624826a0b1211380ac444c7c791d4a2137c19"},
    {file = "greenlet-2.0.1-cp39-cp39-manylinux_2_17_aarch64.manylinux2014_aarch64.whl", hash = "sha256:505138d4fa69462447a562a7c2ef723c6025ba12ac04478bc1ce2fcc279a2db5"},
    {file = "greenlet-2.0.1-cp39-cp39-manylinux_2_17_ppc64le.manylinux2014_ppc64le.whl", hash = "sha256:cce1e90dd302f45716a7715517c6aa0468af0bf38e814ad4eab58e88fc09f7f7"},
    {file = "greenlet-2.0.1-cp39-cp39-manylinux_2_17_x86_64.manylinux2014_x86_64.whl", hash = "sha256:9e9744c657d896c7b580455e739899e492a4a452e2dd4d2b3e459f6b244a638d"},
    {file = "greenlet-2.0.1-cp39-cp39-musllinux_1_1_aarch64.whl", hash = "sha256:662e8f7cad915ba75d8017b3e601afc01ef20deeeabf281bd00369de196d7726"},
    {file = "greenlet-2.0.1-cp39-cp39-musllinux_1_1_x86_64.whl", hash = "sha256:41b825d65f31e394b523c84db84f9383a2f7eefc13d987f308f4663794d2687e"},
    {file = "greenlet-2.0.1-cp39-cp39-win32.whl", hash = "sha256:db38f80540083ea33bdab614a9d28bcec4b54daa5aff1668d7827a9fc769ae0a"},
    {file = "greenlet-2.0.1-cp39-cp39-win_amd64.whl", hash = "sha256:b23d2a46d53210b498e5b701a1913697671988f4bf8e10f935433f6e7c332fb6"},
    {file = "greenlet-2.0.1.tar.gz", hash = "sha256:42e602564460da0e8ee67cb6d7236363ee5e131aa15943b6670e44e5c2ed0f67"},
]

[package.extras]
docs = ["Sphinx", "docutils (<0.18)"]
test = ["faulthandler", "objgraph", "psutil"]

[[package]]
name = "pysimplegui"
version = "4.60.4"
description = "Python GUIs for Humans. Launched in 2018. It's 2022 & PySimpleGUI is an ACTIVE & supported project. Super-simple to create custom GUI's. 325+ Demo programs & Cookbook for rapid start. Extensive documentation. Main docs at www.PySimpleGUI.org. Fun & your success are the focus. Examples using Machine Learning (GUI, OpenCV Integration), Rainmeter Style Desktop Widgets, Matplotlib + Pyplot, PIL support, add GUI to command line scripts, PDF & Image Viewers. Great for beginners & advanced GUI programmers."
category = "main"
optional = false
python-versions = "*"
files = [
    {file = "PySimpleGUI-4.60.4-py3-none-any.whl", hash = "sha256:e133fbd21779f0f125cebbc2a4e1f5a931a383738661013ff33ad525d5611eda"},
    {file = "PySimpleGUI-4.60.4.tar.gz", hash = "sha256:f88c82c301a51aea35be605dc060bcceb0dcb6682e16280544884701ab4b23ba"},
]

[[package]]
name = "sqlalchemy"
version = "2.0.0"
description = "Database Abstraction Library"
category = "main"
optional = false
python-versions = ">=3.7"
files = [
    {file = "SQLAlchemy-2.0.0-cp310-cp310-macosx_10_9_x86_64.whl", hash = "sha256:807d4f83dcf0b7fd60b7af5f677e3d20151083c3454304813e450f6f6e4b4a5c"},
    {file = "SQLAlchemy-2.0.0-cp310-cp310-macosx_11_0_arm64.whl", hash = "sha256:419228c073060face5e35388ddf00229f1be3664c91143f6e6897d67254589f7"},
    {file = "SQLAlchemy-2.0.0-cp310-cp310-manylinux_2_17_aarch64.manylinux2014_aarch64.whl", hash = "sha256:e052ae0c2a887472a74405e3afa5aa5c75cddc8a98a49bbf4a84a09dbc1cb896"},
    {file = "SQLAlchemy-2.0.0-cp310-cp310-manylinux_2_17_x86_64.manylinux2014_x86_64.whl", hash = "sha256:f0bc643a0228179bfcbc8df81c8d197b843e48d97073f41f90ada8f6aad1614d"},
    {file = "SQLAlchemy-2.0.0-cp310-cp310-musllinux_1_1_aarch64.whl", hash = "sha256:492dfab60c3df7105c97474a08408f15a506966340643eeaf40f59daa08a516e"},
    {file = "SQLAlchemy-2.0.0-cp310-cp310-musllinux_1_1_x86_64.whl", hash = "sha256:20ef6ed15ecc17036523157e1f9900f0fa9163c29ce793d441b0bdd337057354"},
    {file = "SQLAlchemy-2.0.0-cp310-cp310-win32.whl", hash = "sha256:86bc43f80b3fdae55f2dc6a3b0a9fe6f5c69001763e4095998e467b068a037d2"},
    {file = "SQLAlchemy-2.0.0-cp310-cp310-win_amd64.whl", hash = "sha256:6e6cb16419328100fc92ee676bcb09846034586461aeb96c89a072feb48c9a6d"},
    {file = "SQLAlchemy-2.0.0-cp311-cp311-macosx_10_9_x86_64.whl", hash = "sha256:a0b4047d7d9405005637fbfd70122746c78f2dada934067bfdd439bc934cb5fb"},
    {file = "SQLAlchemy-2.0.0-cp311-cp311-macosx_11_0_arm64.whl", hash = "sha256:b850d709cddfe0fa03f0ce7d58389947813053a3cfd5c7cc2fa5a49b77b7f7b5"},
    {file = "SQLAlchemy-2.0.0-cp311-cp311-manylinux_2_17_aarch64.manylinux2014_aarch64.whl", hash = "sha256:176ddfce8d720f90ffccfecfe66f41b1af8906bb74acc536068d067bdb0fd080"},
    {file = "SQLAlchemy-2.0.0-cp311-cp311-manylinux_2_17_x86_64.manylinux2014_x86_64.whl", hash = "sha256:ef0794ed9ed2cc3c42475998baf3ead135ce3849e72993fd61c82722a1def8a5"},
    {file = "SQLAlchemy-2.0.0-cp311-cp311-musllinux_1_1_aarch64.whl", hash = "sha256:3758f3e12dd7a1448d8d2c5d4d36dc32a504a0ff6dded23b06d955c73f1b71b4"},
    {file = "SQLAlchemy-2.0.0-cp311-cp311-musllinux_1_1_x86_64.whl", hash = "sha256:7a2709d68ec901add77aa378253568905ba8112ae82ae8b3d3e85fd56b06f44d"},
    {file = "SQLAlchemy-2.0.0-cp311-cp311-win32.whl", hash = "sha256:c658c985830d4d80598387b2eca5944507acc9d52af8ec867d4c9fa0d4e27fd7"},
    {file = "SQLAlchemy-2.0.0-cp311-cp311-win_amd64.whl", hash = "sha256:92b828f195bb967f85bda508bed5b4fe24b4ef0cac9ac2d9e403584ba504a304"},
    {file = "SQLAlchemy-2.0.0-cp37-cp37m-macosx_10_9_x86_64.whl", hash = "sha256:7b2231470060cd55b870806fb654f2ba66f7fc822f56fe594fa1fbd95e646da5"},
    {file = "SQLAlchemy-2.0.0-cp37-cp37m-manylinux_2_17_aarch64.manylinux2014_aarch64.whl", hash = "sha256:228851937becdbaeefdc937a3b43e9711b0a094eccc745f00b993ecd860a913b"},
    {file = "SQLAlchemy-2.0.0-cp37-cp37m-manylinux_2_17_x86_64.manylinux2014_x86_64.whl", hash = "sha256:1b4428bf59a5f12549f92f4274c8b2667313f105e36a7822c47727ea5572e0f7"},
    {file = "SQLAlchemy-2.0.0-cp37-cp37m-musllinux_1_1_aarch64.whl", hash = "sha256:d1b1004e00023b37cc2385da670db28cb3dd96b9f01aafc3f9c437c030bf73f8"},
    {file = "SQLAlchemy-2.0.0-cp37-cp37m-musllinux_1_1_x86_64.whl", hash = "sha256:a0f6d402a12ce2dc9243553ae8088459e94540b2afc4b4c3fc3a0272b9aa2827"},
    {file = "SQLAlchemy-2.0.0-cp37-cp37m-win32.whl", hash = "sha256:c1cae76f84755527c269ceb49e3a79ff370101bfd93d3f9d298bd7951e1b5e41"},
    {file = "SQLAlchemy-2.0.0-cp37-cp37m-win_amd64.whl", hash = "sha256:83db15a39539c6acb92075215aa68b9757085717d222ef678b0040cdf192adbb"},
    {file = "SQLAlchemy-2.0.0-cp38-cp38-macosx_10_9_x86_64.whl", hash = "sha256:7c6934dfa9ab53853b1d31723ea2b8ea494de73ad3f36ea42f5859b74cb3afc3"},
    {file = "SQLAlchemy-2.0.0-cp38-cp38-macosx_11_0_arm64.whl", hash = "sha256:05923707b416b7034c0b14e59e14614cb1432647188ba46bcfd911998cdea48d"},
    {file = "SQLAlchemy-2.0.0-cp38-cp38-manylinux_2_17_aarch64.manylinux2014_aarch64.whl", hash = "sha256:33a05cc9533a580f94a69852c8dea26d7dec0bc8182bb8d68180a5103c0b0add"},
    {file = "SQLAlchemy-2.0.0-cp38-cp38-manylinux_2_17_x86_64.manylinux2014_x86_64.whl", hash = "sha256:c6e4a17bbcb882fcff597d6ffdf113144383ea346bcae97079b96faaf7d460fb"},
    {file = "SQLAlchemy-2.0.0-cp38-cp38-musllinux_1_1_aarch64.whl", hash = "sha256:54fa0308430ea13239557b6b38a41988ab9d0356420879b2e8b976f58c8b8229"},
    {file = "SQLAlchemy-2.0.0-cp38-cp38-musllinux_1_1_x86_64.whl", hash = "sha256:6c75b77de2fd99bd19a609c00e870325574000c441f7bdb0cd33d15961ed93bc"},
    {file = "SQLAlchemy-2.0.0-cp38-cp38-win32.whl", hash = "sha256:28f8371e07c66f7bd8d665c0532e68986e1616f0505bef05a9bcb384889f94f2"},
    {file = "SQLAlchemy-2.0.0-cp38-cp38-win_amd64.whl", hash = "sha256:2051899b520a4332da0fe7098d155e0981044aed91567623c7aff4bd4addddc8"},
    {file = "SQLAlchemy-2.0.0-cp39-cp39-macosx_10_9_x86_64.whl", hash = "sha256:0fb3b58ba21898b94255e86da5e3bfc15cf99e039babcaccaa2ce10b6322929e"},
    {file = "SQLAlchemy-2.0.0-cp39-cp39-macosx_11_0_arm64.whl", hash = "sha256:77666361fdd70868a414762d0eead141183caf1e0cb6735484c0cad6d41ac869"},
    {file = "SQLAlchemy-2.0.0-cp39-cp39-manylinux_2_17_aarch64.manylinux2014_aarch64.whl", hash = "sha256:2dc81c03d4bccc82c81e4e21da5cea2071eca2fcddb248b462b151911c4b47b8"},
    {file = "SQLAlchemy-2.0.0-cp39-cp39-manylinux_2_17_x86_64.manylinux2014_x86_64.whl", hash = "sha256:1b17bc162c317973d87613eac869cc50c1fef7a8b9d657b7d7f764ab5d9fee72"},
    {file = "SQLAlchemy-2.0.0-cp39-cp39-musllinux_1_1_aarch64.whl", hash = "sha256:7809546951b4a5ad1f0b5d5c87b42218af8c0574f50e89d141dfff531c069389"},
    {file = "SQLAlchemy-2.0.0-cp39-cp39-musllinux_1_1_x86_64.whl", hash = "sha256:606f55614af6777261e54cb5d541a5c555539c5abc5e0b40d299c9a3bd06fae5"},
    {file = "SQLAlchemy-2.0.0-cp39-cp39-win32.whl", hash = "sha256:47348dad936e0899e2910853df1af736a84b3bddbd5dfe6471a5a39e00b32f06"},
    {file = "SQLAlchemy-2.0.0-cp39-cp39-win_amd64.whl", hash = "sha256:13929b9806b002e3018a2f4d6666466298f43043c53b037a27520d8e8dad238d"},
    {file = "SQLAlchemy-2.0.0-py3-none-any.whl", hash = "sha256:192210daec1062e93fcc732de0c602c4b58097257c56874baa6e491849e82ceb"},
    {file = "SQLAlchemy-2.0.0.tar.gz", hash = "sha256:92388d03220eda6d744277a4d2cbcbb557509c7f7582215f61f8a04ec264be59"},
]

[package.dependencies]
greenlet = {version = "!=0.4.17", markers = "platform_machine == \"aarch64\" or platform_machine == \"ppc64le\" or platform_machine == \"x86_64\" or platform_machine == \"amd64\" or platform_machine == \"AMD64\" or platform_machine == \"win32\" or platform_machine == \"WIN32\""}
typing-extensions = ">=4.2.0"

[package.extras]
aiomysql = ["aiomysql", "greenlet (!=0.4.17)"]
aiosqlite = ["aiosqlite", "greenlet (!=0.4.17)", "typing-extensions (!=3.10.0.1)"]
asyncio = ["greenlet (!=0.4.17)"]
asyncmy = ["asyncmy (>=0.2.3,!=0.2.4)", "greenlet (!=0.4.17)"]
mariadb-connector = ["mariadb (>=1.0.1,!=1.1.2,!=1.1.5)"]
mssql = ["pyodbc"]
mssql-pymssql = ["pymssql"]
mssql-pyodbc = ["pyodbc"]
mypy = ["mypy (>=0.910)"]
mysql = ["mysqlclient (>=1.4.0)"]
mysql-connector = ["mysql-connector-python"]
oracle = ["cx-oracle (>=7)"]
oracle-oracledb = ["oracledb (>=1.0.1)"]
postgresql = ["psycopg2 (>=2.7)"]
postgresql-asyncpg = ["asyncpg", "greenlet (!=0.4.17)"]
postgresql-pg8000 = ["pg8000 (>=1.29.1)"]
postgresql-psycopg = ["psycopg (>=3.0.7)"]
postgresql-psycopg2binary = ["psycopg2-binary"]
postgresql-psycopg2cffi = ["psycopg2cffi"]
pymysql = ["pymysql"]
sqlcipher = ["sqlcipher3-binary"]

[[package]]
name = "sqlalchemy-utils"
version = "0.39.0"
description = "Various utility functions for SQLAlchemy."
category = "main"
optional = false
python-versions = "~=3.6"
files = [
    {file = "SQLAlchemy-Utils-0.39.0.tar.gz", hash = "sha256:b37240917d81c14fe1b6e5096a402bace472b179121384e47c10d854dbf5af92"},
    {file = "SQLAlchemy_Utils-0.39.0-py3-none-any.whl", hash = "sha256:9da26a9b20c6979167772ba5dc2a1d01265648f18c82995f082279a399ea308b"},
]

[package.dependencies]
SQLAlchemy = ">=1.3"

[package.extras]
arrow = ["arrow (>=0.3.4)"]
babel = ["Babel (>=1.3)"]
color = ["colour (>=0.0.4)"]
encrypted = ["cryptography (>=0.6)"]
intervals = ["intervals (>=0.7.1)"]
password = ["passlib (>=1.6,<2.0)"]
pendulum = ["pendulum (>=2.0.5)"]
phone = ["phonenumbers (>=5.9.2)"]
test = ["Jinja2 (>=2.3)", "Pygments (>=1.2)", "backports.zoneinfo", "docutils (>=0.10)", "flake8 (>=2.4.0)", "flexmock (>=0.9.7)", "isort (>=4.2.2)", "pg8000 (>=1.12.4)", "psycopg2 (>=2.5.1)", "psycopg2cffi (>=2.8.1)", "pymysql", "pyodbc", "pytest (>=2.7.1)", "python-dateutil (>=2.6)", "pytz (>=2014.2)"]
test-all = ["Babel (>=1.3)", "Jinja2 (>=2.3)", "Pygments (>=1.2)", "arrow (>=0.3.4)", "backports.zoneinfo", "colour (>=0.0.4)", "cryptography (>=0.6)", "docutils (>=0.10)", "flake8 (>=2.4.0)", "flexmock (>=0.9.7)", "furl (>=0.4.1)", "intervals (>=0.7.1)", "isort (>=4.2.2)", "passlib (>=1.6,<2.0)", "pendulum (>=2.0.5)", "pg8000 (>=1.12.4)", "phonenumbers (>=5.9.2)", "psycopg2 (>=2.5.1)", "psycopg2cffi (>=2.8.1)", "pymysql", "pyodbc", "pytest (>=2.7.1)", "python-dateutil", "python-dateutil (>=2.6)", "pytz (>=2014.2)"]
timezone = ["python-dateutil"]
url = ["furl (>=0.4.1)"]

[[package]]
name = "typing-extensions"
version = "4.4.0"
description = "Backported and Experimental Type Hints for Python 3.7+"
category = "main"
optional = false
python-versions = ">=3.7"
files = [
    {file = "typing_extensions-4.4.0-py3-none-any.whl", hash = "sha256:16fa4864408f655d35ec496218b85f79b3437c829e93320c7c9215ccfd92489e"},
    {file = "typing_extensions-4.4.0.tar.gz", hash = "sha256:1511434bb92bf8dd198c12b1cc812e800d4181cfcb867674e0f8279cc93087aa"},
]

[metadata]
lock-version = "2.0"
python-versions = "^3.11"
content-hash = "8eee543942e8b425bfb37b7a101f5f814414c9c9f6fd05bde21fa2168e449fd7"
