{
  "lockfileVersion": 1,
  "configVersion": 1,
  "workspaces": {
    "": {
      "dependencies": {
        "@opencode-ai/plugin": "1.1.42",
      },
    },
  },
  "packages": {
    "@opencode-ai/plugin": ["@opencode-ai/plugin@1.1.42", "", { "dependencies": { "@opencode-ai/sdk": "1.1.42", "zod": "4.1.8" } }, "sha512-pKPGUSo980tlpfkeK1heKi+FyY5uAa8CffQ8CEvfmTiHkHhZaw0Cz79cSi2iWYxLzGgx4pQWUoq2YdVBiMWYHw=="],

    "@opencode-ai/sdk": ["@opencode-ai/sdk@1.1.42", "", {}, "sha512-QuTJgnzmsQ+CF/mr9nu+FQGv2cMwGMsnWd7eOF0YLuXKOzpx+xlBkUGdZz8l0n3I+7ix8iiMZbTw4laAG8vIqA=="],

    "zod": ["zod@4.1.8", "", {}, "sha512-5R1P+WwQqmmMIEACyzSvo4JXHY5WiAFHRMg+zBZKgKS+Q1viRa0C1hmUKtHltoIFKtIdki3pRxkmpP74jnNYHQ=="],
  }
}
